
Microsoft Visual Studio Solution File, Format Version 12.00
# Visual Studio 15
VisualStudioVersion = 15.0.28307.329
MinimumVisualStudioVersion = 10.0.40219.1
Project("{9A19103F-16F7-4668-BE54-9A1E7A4F7556}") = "PublicShareOwnerControl", "PublicShareOwnerControl\PublicShareOwnerControl.csproj", "{52CB0E81-0D51-447B-ACA9-ACD45E5ACBCC}"
EndProject
Global
	GlobalSection(SolutionConfigurationPlatforms) = preSolution
		Debug|Any CPU = Debug|Any CPU
		Release|Any CPU = Release|Any CPU
	EndGlobalSection
	GlobalSection(ProjectConfigurationPlatforms) = postSolution
		{52CB0E81-0D51-447B-ACA9-ACD45E5ACBCC}.Debug|Any CPU.ActiveCfg = Debug|Any CPU
		{52CB0E81-0D51-447B-ACA9-ACD45E5ACBCC}.Debug|Any CPU.Build.0 = Debug|Any CPU
		{52CB0E81-0D51-447B-ACA9-ACD45E5ACBCC}.Release|Any CPU.ActiveCfg = Release|Any CPU
		{52CB0E81-0D51-447B-ACA9-ACD45E5ACBCC}.Release|Any CPU.Build.0 = Release|Any CPU
	EndGlobalSection
	GlobalSection(SolutionProperties) = preSolution
		HideSolutionNode = FALSE
	EndGlobalSection
	GlobalSection(ExtensibilityGlobals) = postSolution
		SolutionGuid = {9E5170B0-5A1F-4991-97EF-767BBD14E840}
	EndGlobalSection
EndGlobal
